
Microsoft Visual Studio Solution File, Format Version 12.00
# Visual Studio 15
VisualStudioVersion = 15.0.26124.0
MinimumVisualStudioVersion = 15.0.26124.0
Project("{FAE04EC0-301F-11D3-BF4B-00C04F79EFBC}") = "MediaWorld.Client", "MediaWorld.Client\MediaWorld.Client.csproj", "{39BA8DF0-41D1-482F-8FDE-65B02A0D78B0}"
EndProject
Project("{FAE04EC0-301F-11D3-BF4B-00C04F79EFBC}") = "MediaWorld.Domain", "MediaWorld.Domain\MediaWorld.Domain.csproj", "{8AAE8F9F-2E6D-4D2A-A9E7-9A164A84A6A7}"
EndProject
Project("{FAE04EC0-301F-11D3-BF4B-00C04F79EFBC}") = "MediaWorld.Storage", "MediaWorld.Storage\MediaWorld.Storage.csproj", "{A175B0D4-16F7-482E-85EE-FE3FD848BC2E}"
EndProject
Project("{FAE04EC0-301F-11D3-BF4B-00C04F79EFBC}") = "MediaWorld.Testing", "MediaWorld.Testing\MediaWorld.Testing.csproj", "{779E95D2-CD8B-411B-AD3D-57FA365E44C4}"
EndProject
Global
	GlobalSection(SolutionConfigurationPlatforms) = preSolution
		Debug|Any CPU = Debug|Any CPU
		Debug|x64 = Debug|x64
		Debug|x86 = Debug|x86
		Release|Any CPU = Release|Any CPU
		Release|x64 = Release|x64
		Release|x86 = Release|x86
	EndGlobalSection
	GlobalSection(SolutionProperties) = preSolution
		HideSolutionNode = FALSE
	EndGlobalSection
	GlobalSection(ProjectConfigurationPlatforms) = postSolution
		{39BA8DF0-41D1-482F-8FDE-65B02A0D78B0}.Debug|Any CPU.ActiveCfg = Debug|Any CPU
		{39BA8DF0-41D1-482F-8FDE-65B02A0D78B0}.Debug|Any CPU.Build.0 = Debug|Any CPU
		{39BA8DF0-41D1-482F-8FDE-65B02A0D78B0}.Debug|x64.ActiveCfg = Debug|Any CPU
		{39BA8DF0-41D1-482F-8FDE-65B02A0D78B0}.Debug|x64.Build.0 = Debug|Any CPU
		{39BA8DF0-41D1-482F-8FDE-65B02A0D78B0}.Debug|x86.ActiveCfg = Debug|Any CPU
		{39BA8DF0-41D1-482F-8FDE-65B02A0D78B0}.Debug|x86.Build.0 = Debug|Any CPU
		{39BA8DF0-41D1-482F-8FDE-65B02A0D78B0}.Release|Any CPU.ActiveCfg = Release|Any CPU
		{39BA8DF0-41D1-482F-8FDE-65B02A0D78B0}.Release|Any CPU.Build.0 = Release|Any CPU
		{39BA8DF0-41D1-482F-8FDE-65B02A0D78B0}.Release|x64.ActiveCfg = Release|Any CPU
		{39BA8DF0-41D1-482F-8FDE-65B02A0D78B0}.Release|x64.Build.0 = Release|Any CPU
		{39BA8DF0-41D1-482F-8FDE-65B02A0D78B0}.Release|x86.ActiveCfg = Release|Any CPU
		{39BA8DF0-41D1-482F-8FDE-65B02A0D78B0}.Release|x86.Build.0 = Release|Any CPU
		{8AAE8F9F-2E6D-4D2A-A9E7-9A164A84A6A7}.Debug|Any CPU.ActiveCfg = Debug|Any CPU
		{8AAE8F9F-2E6D-4D2A-A9E7-9A164A84A6A7}.Debug|Any CPU.Build.0 = Debug|Any CPU
		{8AAE8F9F-2E6D-4D2A-A9E7-9A164A84A6A7}.Debug|x64.ActiveCfg = Debug|Any CPU
		{8AAE8F9F-2E6D-4D2A-A9E7-9A164A84A6A7}.Debug|x64.Build.0 = Debug|Any CPU
		{8AAE8F9F-2E6D-4D2A-A9E7-9A164A84A6A7}.Debug|x86.ActiveCfg = Debug|Any CPU
		{8AAE8F9F-2E6D-4D2A-A9E7-9A164A84A6A7}.Debug|x86.Build.0 = Debug|Any CPU
		{8AAE8F9F-2E6D-4D2A-A9E7-9A164A84A6A7}.Release|Any CPU.ActiveCfg = Release|Any CPU
		{8AAE8F9F-2E6D-4D2A-A9E7-9A164A84A6A7}.Release|Any CPU.Build.0 = Release|Any CPU
		{8AAE8F9F-2E6D-4D2A-A9E7-9A164A84A6A7}.Release|x64.ActiveCfg = Release|Any CPU
		{8AAE8F9F-2E6D-4D2A-A9E7-9A164A84A6A7}.Release|x64.Build.0 = Release|Any CPU
		{8AAE8F9F-2E6D-4D2A-A9E7-9A164A84A6A7}.Release|x86.ActiveCfg = Release|Any CPU
		{8AAE8F9F-2E6D-4D2A-A9E7-9A164A84A6A7}.Release|x86.Build.0 = Release|Any CPU
		{A175B0D4-16F7-482E-85EE-FE3FD848BC2E}.Debug|Any CPU.ActiveCfg = Debug|Any CPU
		{A175B0D4-16F7-482E-85EE-FE3FD848BC2E}.Debug|Any CPU.Build.0 = Debug|Any CPU
		{A175B0D4-16F7-482E-85EE-FE3FD848BC2E}.Debug|x64.ActiveCfg = Debug|Any CPU
		{A175B0D4-16F7-482E-85EE-FE3FD848BC2E}.Debug|x64.Build.0 = Debug|Any CPU
		{A175B0D4-16F7-482E-85EE-FE3FD848BC2E}.Debug|x86.ActiveCfg = Debug|Any CPU
		{A175B0D4-16F7-482E-85EE-FE3FD848BC2E}.Debug|x86.Build.0 = Debug|Any CPU
		{A175B0D4-16F7-482E-85EE-FE3FD848BC2E}.Release|Any CPU.ActiveCfg = Release|Any CPU
		{A175B0D4-16F7-482E-85EE-FE3FD848BC2E}.Release|Any CPU.Build.0 = Release|Any CPU
		{A175B0D4-16F7-482E-85EE-FE3FD848BC2E}.Release|x64.ActiveCfg = Release|Any CPU
		{A175B0D4-16F7-482E-85EE-FE3FD848BC2E}.Release|x64.Build.0 = Release|Any CPU
		{A175B0D4-16F7-482E-85EE-FE3FD848BC2E}.Release|x86.ActiveCfg = Release|Any CPU
		{A175B0D4-16F7-482E-85EE-FE3FD848BC2E}.Release|x86.Build.0 = Release|Any CPU
		{779E95D2-CD8B-411B-AD3D-57FA365E44C4}.Debug|Any CPU.ActiveCfg = Debug|Any CPU
		{779E95D2-CD8B-411B-AD3D-57FA365E44C4}.Debug|Any CPU.Build.0 = Debug|Any CPU
		{779E95D2-CD8B-411B-AD3D-57FA365E44C4}.Debug|x64.ActiveCfg = Debug|Any CPU
		{779E95D2-CD8B-411B-AD3D-57FA365E44C4}.Debug|x64.Build.0 = Debug|Any CPU
		{779E95D2-CD8B-411B-AD3D-57FA365E44C4}.Debug|x86.ActiveCfg = Debug|Any CPU
		{779E95D2-CD8B-411B-AD3D-57FA365E44C4}.Debug|x86.Build.0 = Debug|Any CPU
		{779E95D2-CD8B-411B-AD3D-57FA365E44C4}.Release|Any CPU.ActiveCfg = Release|Any CPU
		{779E95D2-CD8B-411B-AD3D-57FA365E44C4}.Release|Any CPU.Build.0 = Release|Any CPU
		{779E95D2-CD8B-411B-AD3D-57FA365E44C4}.Release|x64.ActiveCfg = Release|Any CPU
		{779E95D2-CD8B-411B-AD3D-57FA365E44C4}.Release|x64.Build.0 = Release|Any CPU
		{779E95D2-CD8B-411B-AD3D-57FA365E44C4}.Release|x86.ActiveCfg = Release|Any CPU
		{779E95D2-CD8B-411B-AD3D-57FA365E44C4}.Release|x86.Build.0 = Release|Any CPU
	EndGlobalSection
EndGlobal
